github.com/webnice/lv2 v0.0.0-20201212082251-996f95a7bf70 h1:/QcqM1hAVFj8yPgXkseyWZ+iMn0noLY7KPS6kEvvT5c=
github.com/webnice/lv2 v0.0.0-20201212082251-996f95a7bf70/go.mod h1:Gm8zgr40Vks7dYY1VIXLoIYFf3yqpchAA5fHnAODt5k=
github.com/webnice/web/v2 v2.0.0 h1:VBnZOJ+Df5O4K9n05U5/OtgKlC2dK25HDw/FigkjLAw=
github.com/webnice/web/v2 v2.0.0/go.mod h1:KP/Syh4k8cAdV7qeFWgRKCbfnG9ZgCO86s+2CdjxNDk=
